
Microsoft Visual Studio Solution File, Format Version 12.00
# Visual Studio 14
VisualStudioVersion = 14.0.25420.1
MinimumVisualStudioVersion = 10.0.40219.1
Project("{FAE04EC0-301F-11D3-BF4B-00C04F79EFBC}") = "Business logic", "ConsoleApplication1\Business logic.csproj", "{D88AAE7F-B08F-4027-8FEA-331556775A99}"
EndProject
Project("{FAE04EC0-301F-11D3-BF4B-00C04F79EFBC}") = "ClassLibrary", "ClassLibrary1\ClassLibrary.csproj", "{675B9C22-2E25-47CC-89CE-ACEE032D074F}"
EndProject
Project("{FAE04EC0-301F-11D3-BF4B-00C04F79EFBC}") = "DataLayer", "DataLayer\DataLayer.csproj", "{8BFD78C6-63BD-42C2-AF3C-34780768FE03}"
EndProject
Project("{FAE04EC0-301F-11D3-BF4B-00C04F79EFBC}") = "Application layer", "ClassLibrary2\Application layer.csproj", "{2B25DB38-B0FD-40D9-9732-68168D14301F}"
EndProject
Global
	GlobalSection(SolutionConfigurationPlatforms) = preSolution
		Debug|Any CPU = Debug|Any CPU
		Release|Any CPU = Release|Any CPU
	EndGlobalSection
	GlobalSection(ProjectConfigurationPlatforms) = postSolution
		{D88AAE7F-B08F-4027-8FEA-331556775A99}.Debug|Any CPU.ActiveCfg = Debug|Any CPU
		{D88AAE7F-B08F-4027-8FEA-331556775A99}.Debug|Any CPU.Build.0 = Debug|Any CPU
		{D88AAE7F-B08F-4027-8FEA-331556775A99}.Release|Any CPU.ActiveCfg = Release|Any CPU
		{D88AAE7F-B08F-4027-8FEA-331556775A99}.Release|Any CPU.Build.0 = Release|Any CPU
		{675B9C22-2E25-47CC-89CE-ACEE032D074F}.Debug|Any CPU.ActiveCfg = Debug|Any CPU
		{675B9C22-2E25-47CC-89CE-ACEE032D074F}.Debug|Any CPU.Build.0 = Debug|Any CPU
		{675B9C22-2E25-47CC-89CE-ACEE032D074F}.Release|Any CPU.ActiveCfg = Release|Any CPU
		{675B9C22-2E25-47CC-89CE-ACEE032D074F}.Release|Any CPU.Build.0 = Release|Any CPU
		{8BFD78C6-63BD-42C2-AF3C-34780768FE03}.Debug|Any CPU.ActiveCfg = Debug|Any CPU
		{8BFD78C6-63BD-42C2-AF3C-34780768FE03}.Debug|Any CPU.Build.0 = Debug|Any CPU
		{8BFD78C6-63BD-42C2-AF3C-34780768FE03}.Release|Any CPU.ActiveCfg = Release|Any CPU
		{8BFD78C6-63BD-42C2-AF3C-34780768FE03}.Release|Any CPU.Build.0 = Release|Any CPU
		{2B25DB38-B0FD-40D9-9732-68168D14301F}.Debug|Any CPU.ActiveCfg = Debug|Any CPU
		{2B25DB38-B0FD-40D9-9732-68168D14301F}.Debug|Any CPU.Build.0 = Debug|Any CPU
		{2B25DB38-B0FD-40D9-9732-68168D14301F}.Release|Any CPU.ActiveCfg = Release|Any CPU
		{2B25DB38-B0FD-40D9-9732-68168D14301F}.Release|Any CPU.Build.0 = Release|Any CPU
	EndGlobalSection
	GlobalSection(SolutionProperties) = preSolution
		HideSolutionNode = FALSE
	EndGlobalSection
EndGlobal
